
Microsoft Visual Studio Solution File, Format Version 12.00
# Visual Studio Version 17
VisualStudioVersion = 17.1.32328.378
MinimumVisualStudioVersion = 10.0.40219.1
Project("{9A19103F-16F7-4668-BE54-9A1E7A4F7556}") = "Exam", "Exam.csproj", "{03266AC5-15D6-4F6C-8BE5-6B338C2E1E6A}"
EndProject
Global
	GlobalSection(SolutionConfigurationPlatforms) = preSolution
		Debug|Any CPU = Debug|Any CPU
		Release|Any CPU = Release|Any CPU
	EndGlobalSection
	GlobalSection(ProjectConfigurationPlatforms) = postSolution
		{03266AC5-15D6-4F6C-8BE5-6B338C2E1E6A}.Debug|Any CPU.ActiveCfg = Debug|Any CPU
		{03266AC5-15D6-4F6C-8BE5-6B338C2E1E6A}.Debug|Any CPU.Build.0 = Debug|Any CPU
		{03266AC5-15D6-4F6C-8BE5-6B338C2E1E6A}.Release|Any CPU.ActiveCfg = Release|Any CPU
		{03266AC5-15D6-4F6C-8BE5-6B338C2E1E6A}.Release|Any CPU.Build.0 = Release|Any CPU
	EndGlobalSection
	GlobalSection(SolutionProperties) = preSolution
		HideSolutionNode = FALSE
	EndGlobalSection
	GlobalSection(ExtensibilityGlobals) = postSolution
		SolutionGuid = {AC11ECB1-E904-4D99-8A2B-213D0A4AA318}
	EndGlobalSection
EndGlobal
