
Microsoft Visual Studio Solution File, Format Version 12.00
# Visual Studio Version 17
VisualStudioVersion = 17.1.32328.378
MinimumVisualStudioVersion = 10.0.40219.1
Project("{9A19103F-16F7-4668-BE54-9A1E7A4F7556}") = "Classwork 15", "Classwork 15.csproj", "{48C158B8-FBCE-4F17-B7AA-B500733229BC}"
EndProject
Global
	GlobalSection(SolutionConfigurationPlatforms) = preSolution
		Debug|Any CPU = Debug|Any CPU
		Release|Any CPU = Release|Any CPU
	EndGlobalSection
	GlobalSection(ProjectConfigurationPlatforms) = postSolution
		{48C158B8-FBCE-4F17-B7AA-B500733229BC}.Debug|Any CPU.ActiveCfg = Debug|Any CPU
		{48C158B8-FBCE-4F17-B7AA-B500733229BC}.Debug|Any CPU.Build.0 = Debug|Any CPU
		{48C158B8-FBCE-4F17-B7AA-B500733229BC}.Release|Any CPU.ActiveCfg = Release|Any CPU
		{48C158B8-FBCE-4F17-B7AA-B500733229BC}.Release|Any CPU.Build.0 = Release|Any CPU
	EndGlobalSection
	GlobalSection(SolutionProperties) = preSolution
		HideSolutionNode = FALSE
	EndGlobalSection
	GlobalSection(ExtensibilityGlobals) = postSolution
		SolutionGuid = {800446FD-F853-4278-8B6A-3A1DF07CC232}
	EndGlobalSection
EndGlobal
