
Microsoft Visual Studio Solution File, Format Version 12.00
# Visual Studio Version 17
VisualStudioVersion = 17.1.32328.378
MinimumVisualStudioVersion = 10.0.40219.1
Project("{9A19103F-16F7-4668-BE54-9A1E7A4F7556}") = "Classwork 09", "Classwork 09.csproj", "{6BFF314B-683B-467E-BCF3-4C07A4A69653}"
EndProject
Global
	GlobalSection(SolutionConfigurationPlatforms) = preSolution
		Debug|Any CPU = Debug|Any CPU
		Release|Any CPU = Release|Any CPU
	EndGlobalSection
	GlobalSection(ProjectConfigurationPlatforms) = postSolution
		{6BFF314B-683B-467E-BCF3-4C07A4A69653}.Debug|Any CPU.ActiveCfg = Debug|Any CPU
		{6BFF314B-683B-467E-BCF3-4C07A4A69653}.Debug|Any CPU.Build.0 = Debug|Any CPU
		{6BFF314B-683B-467E-BCF3-4C07A4A69653}.Release|Any CPU.ActiveCfg = Release|Any CPU
		{6BFF314B-683B-467E-BCF3-4C07A4A69653}.Release|Any CPU.Build.0 = Release|Any CPU
	EndGlobalSection
	GlobalSection(SolutionProperties) = preSolution
		HideSolutionNode = FALSE
	EndGlobalSection
	GlobalSection(ExtensibilityGlobals) = postSolution
		SolutionGuid = {6CD57143-23F6-4E71-A4FF-3A02B7311B8A}
	EndGlobalSection
EndGlobal
