
Microsoft Visual Studio Solution File, Format Version 12.00
# Visual Studio Version 17
VisualStudioVersion = 17.1.32328.378
MinimumVisualStudioVersion = 10.0.40219.1
Project("{FAE04EC0-301F-11D3-BF4B-00C04F79EFBC}") = "Homework_05", "Homework_05\Homework_05.csproj", "{8B4F8932-AABE-46EA-B075-A4D1A8B84898}"
EndProject
Global
	GlobalSection(SolutionConfigurationPlatforms) = preSolution
		Debug|Any CPU = Debug|Any CPU
		Release|Any CPU = Release|Any CPU
	EndGlobalSection
	GlobalSection(ProjectConfigurationPlatforms) = postSolution
		{8B4F8932-AABE-46EA-B075-A4D1A8B84898}.Debug|Any CPU.ActiveCfg = Debug|Any CPU
		{8B4F8932-AABE-46EA-B075-A4D1A8B84898}.Debug|Any CPU.Build.0 = Debug|Any CPU
		{8B4F8932-AABE-46EA-B075-A4D1A8B84898}.Release|Any CPU.ActiveCfg = Release|Any CPU
		{8B4F8932-AABE-46EA-B075-A4D1A8B84898}.Release|Any CPU.Build.0 = Release|Any CPU
	EndGlobalSection
	GlobalSection(SolutionProperties) = preSolution
		HideSolutionNode = FALSE
	EndGlobalSection
	GlobalSection(ExtensibilityGlobals) = postSolution
		SolutionGuid = {A2530B47-1B3F-4157-8CA3-76566B75DE00}
	EndGlobalSection
EndGlobal
