
Microsoft Visual Studio Solution File, Format Version 12.00
# Visual Studio Version 17
VisualStudioVersion = 17.1.32328.378
MinimumVisualStudioVersion = 10.0.40219.1
Project("{9A19103F-16F7-4668-BE54-9A1E7A4F7556}") = "Classwork4", "Classwork4.csproj", "{07D7F0EE-A8C7-41DC-A01B-C672167F1478}"
EndProject
Global
	GlobalSection(SolutionConfigurationPlatforms) = preSolution
		Debug|Any CPU = Debug|Any CPU
		Release|Any CPU = Release|Any CPU
	EndGlobalSection
	GlobalSection(ProjectConfigurationPlatforms) = postSolution
		{07D7F0EE-A8C7-41DC-A01B-C672167F1478}.Debug|Any CPU.ActiveCfg = Debug|Any CPU
		{07D7F0EE-A8C7-41DC-A01B-C672167F1478}.Debug|Any CPU.Build.0 = Debug|Any CPU
		{07D7F0EE-A8C7-41DC-A01B-C672167F1478}.Release|Any CPU.ActiveCfg = Release|Any CPU
		{07D7F0EE-A8C7-41DC-A01B-C672167F1478}.Release|Any CPU.Build.0 = Release|Any CPU
	EndGlobalSection
	GlobalSection(SolutionProperties) = preSolution
		HideSolutionNode = FALSE
	EndGlobalSection
	GlobalSection(ExtensibilityGlobals) = postSolution
		SolutionGuid = {4CAED2B3-5CA2-45CC-AB7F-7BEDEDAA2CBB}
	EndGlobalSection
EndGlobal
