
Microsoft Visual Studio Solution File, Format Version 12.00
# Visual Studio Version 17
VisualStudioVersion = 17.1.32328.378
MinimumVisualStudioVersion = 10.0.40219.1
Project("{9A19103F-16F7-4668-BE54-9A1E7A4F7556}") = "Classwork 14", "Classwork 14.csproj", "{13128C53-E42A-43C7-90EF-C1E656E0C0AD}"
EndProject
Global
	GlobalSection(SolutionConfigurationPlatforms) = preSolution
		Debug|Any CPU = Debug|Any CPU
		Release|Any CPU = Release|Any CPU
	EndGlobalSection
	GlobalSection(ProjectConfigurationPlatforms) = postSolution
		{13128C53-E42A-43C7-90EF-C1E656E0C0AD}.Debug|Any CPU.ActiveCfg = Debug|Any CPU
		{13128C53-E42A-43C7-90EF-C1E656E0C0AD}.Debug|Any CPU.Build.0 = Debug|Any CPU
		{13128C53-E42A-43C7-90EF-C1E656E0C0AD}.Release|Any CPU.ActiveCfg = Release|Any CPU
		{13128C53-E42A-43C7-90EF-C1E656E0C0AD}.Release|Any CPU.Build.0 = Release|Any CPU
	EndGlobalSection
	GlobalSection(SolutionProperties) = preSolution
		HideSolutionNode = FALSE
	EndGlobalSection
	GlobalSection(ExtensibilityGlobals) = postSolution
		SolutionGuid = {EC70F066-0982-4B7B-93D0-B6CE8DA5FEE0}
	EndGlobalSection
EndGlobal
